
Microsoft Visual Studio Solution File, Format Version 12.00
# Visual Studio Version 17
VisualStudioVersion = 17.4.33122.133
MinimumVisualStudioVersion = 10.0.40219.1
Project("{FAE04EC0-301F-11D3-BF4B-00C04F79EFBC}") = "Class Work Practice", "Class Work Practice\Class Work Practice.csproj", "{CD35F448-1744-474A-BA5E-74A864606D95}"
EndProject
Global
	GlobalSection(SolutionConfigurationPlatforms) = preSolution
		Debug|Any CPU = Debug|Any CPU
		Release|Any CPU = Release|Any CPU
	EndGlobalSection
	GlobalSection(ProjectConfigurationPlatforms) = postSolution
		{CD35F448-1744-474A-BA5E-74A864606D95}.Debug|Any CPU.ActiveCfg = Debug|Any CPU
		{CD35F448-1744-474A-BA5E-74A864606D95}.Debug|Any CPU.Build.0 = Debug|Any CPU
		{CD35F448-1744-474A-BA5E-74A864606D95}.Release|Any CPU.ActiveCfg = Release|Any CPU
		{CD35F448-1744-474A-BA5E-74A864606D95}.Release|Any CPU.Build.0 = Release|Any CPU
	EndGlobalSection
	GlobalSection(SolutionProperties) = preSolution
		HideSolutionNode = FALSE
	EndGlobalSection
	GlobalSection(ExtensibilityGlobals) = postSolution
		SolutionGuid = {48A5E710-9E00-4552-BA07-6BFDB3C12B2E}
	EndGlobalSection
EndGlobal
